{
  "name": "phrolova",
  "version": "1.0.0",
  "lockfileVersion": 3,
  "requires": true,
  "packages": {
    "": {
      "name": "phrolova",
      "version": "1.0.0",
      "license": "MIT",
      "dependencies": {
        "@fluxerjs/core": "^1.2.2"
      }
    },
    "node_modules/@fluxerjs/builders": {
      "version": "1.2.2",
      "resolved": "https://registry.npmjs.org/@fluxerjs/builders/-/builders-1.2.2.tgz",
      "integrity": "sha512-647yuM44Fs+Cf/MKo01XRWoVb7RoFdSOBHebFiTLLCTO/tqz+dgZ4wgVsDNu9O/BB/oZ2tjAp9jDTxvXMXkUbA==",
      "license": "Apache-2.0",
      "dependencies": {
        "@fluxerjs/types": "1.2.2",
        "@fluxerjs/util": "1.2.2"
      }
    },
    "node_modules/@fluxerjs/collection": {
      "version": "1.2.2",
      "resolved": "https://registry.npmjs.org/@fluxerjs/collection/-/collection-1.2.2.tgz",
      "integrity": "sha512-ryytiFh38gELqOLHBtL6Tz4f7/7DIu9L2CMTOqNYoer7E1ef8ukU7YiyANASWHgTf34hcGMC0tdi0dcFFFKkKQ==",
      "license": "Apache-2.0"
    },
    "node_modules/@fluxerjs/core": {
      "version": "1.2.2",
      "resolved": "https://registry.npmjs.org/@fluxerjs/core/-/core-1.2.2.tgz",
      "integrity": "sha512-P+c1jveYqwWGT6vafw+U1WmDPJ0Brp+aNa52Qp2vSsEQ3FLNUg+/25PhyrcPP0x2Mf7zoa1Wv9zGLlkHlKb9Ag==",
      "license": "Apache-2.0",
      "dependencies": {
        "@fluxerjs/builders": "1.2.2",
        "@fluxerjs/collection": "1.2.2",
        "@fluxerjs/rest": "1.2.2",
        "@fluxerjs/types": "1.2.2",
        "@fluxerjs/util": "1.2.2",
        "@fluxerjs/ws": "1.2.2"
      },
      "engines": {
        "node": ">=18.0.0"
      }
    },
    "node_modules/@fluxerjs/rest": {
      "version": "1.2.2",
      "resolved": "https://registry.npmjs.org/@fluxerjs/rest/-/rest-1.2.2.tgz",
      "integrity": "sha512-Y96A2wQJ8akiAPpiyQm2WWBfNvrQBGIxIuwFCTuXkWg/g+0D6hYrVB7VHxQlnBeDUlj4T+fSJiqSoAYQ3pwrCQ==",
      "license": "Apache-2.0",
      "dependencies": {
        "@fluxerjs/types": "1.2.2"
      }
    },
    "node_modules/@fluxerjs/types": {
      "version": "1.2.2",
      "resolved": "https://registry.npmjs.org/@fluxerjs/types/-/types-1.2.2.tgz",
      "integrity": "sha512-z3AcTxVF2iY/D0XR8xGIcx+c6LY6eNLWR0uO46xNGmEqpm5guE3joDz/EN8DfAZXuap/ludgqX6EA8dLADIeMg==",
      "license": "Apache-2.0"
    },
    "node_modules/@fluxerjs/util": {
      "version": "1.2.2",
      "resolved": "https://registry.npmjs.org/@fluxerjs/util/-/util-1.2.2.tgz",
      "integrity": "sha512-H0c6rKufJJQsz7cloZSK1EqqbRCaxEIF2LdJ4cIRiGPczQTleD2xAIOQ2NvBZxnFvwx+OeetZs79b42bsjcjHQ==",
      "license": "Apache-2.0",
      "dependencies": {
        "@fluxerjs/types": "1.2.2"
      }
    },
    "node_modules/@fluxerjs/ws": {
      "version": "1.2.2",
      "resolved": "https://registry.npmjs.org/@fluxerjs/ws/-/ws-1.2.2.tgz",
      "integrity": "sha512-twg1wYRYo4DlEHsVHSuUhSAKGK2qTmHM2PV3LNSdE0HdGQIB1EFviSuo0rWDpCb1sVTwIzBVMtthrlxyPfVtKA==",
      "license": "Apache-2.0",
      "dependencies": {
        "@fluxerjs/types": "1.2.2",
        "ws": "^8.18.0"
      }
    },
    "node_modules/ws": {
      "version": "8.19.0",
      "resolved": "https://registry.npmjs.org/ws/-/ws-8.19.0.tgz",
      "integrity": "sha512-blAT2mjOEIi0ZzruJfIhb3nps74PRWTCz1IjglWEEpQl5XS/UNama6u2/rjFkDDouqr4L67ry+1aGIALViWjDg==",
      "license": "MIT",
      "engines": {
        "node": ">=10.0.0"
      },
      "peerDependencies": {
        "bufferutil": "^4.0.1",
        "utf-8-validate": ">=5.0.2"
      },
      "peerDependenciesMeta": {
        "bufferutil": {
          "optional": true
        },
        "utf-8-validate": {
          "optional": true
        }
      }
    }
  }
}
